
Microsoft Visual Studio Solution File, Format Version 12.00
# Visual Studio 15
VisualStudioVersion = 15.0.27130.2036
MinimumVisualStudioVersion = 10.0.40219.1
Project("{8BC9CEB8-8B4A-11D0-8D11-00A0C91BC942}") = "L28C16_Programmer", "28C16_Programmer.vcxproj", "{C5F80730-F44F-4478-BDAE-6634EFC2CA88}"
EndProject
Project("{FAE04EC0-301F-11D3-BF4B-00C04F79EFBC}") = "Assember", "Assember\Assember.csproj", "{B95E66DC-274A-4437-9F21-B5E9E59BFABA}"
EndProject
Project("{FAE04EC0-301F-11D3-BF4B-00C04F79EFBC}") = "AssemblyProgrammingServer", "AssemblyProgrammingServer\AssemblyProgrammingServer.csproj", "{634AF43B-27E4-4327-B6B9-D327D19D4E60}"
EndProject
Global
	GlobalSection(SolutionConfigurationPlatforms) = preSolution
		Debug|Any CPU = Debug|Any CPU
		Debug|x86 = Debug|x86
		Release|Any CPU = Release|Any CPU
		Release|x86 = Release|x86
	EndGlobalSection
	GlobalSection(ProjectConfigurationPlatforms) = postSolution
		{C5F80730-F44F-4478-BDAE-6634EFC2CA88}.Debug|Any CPU.ActiveCfg = Debug|Win32
		{C5F80730-F44F-4478-BDAE-6634EFC2CA88}.Debug|x86.ActiveCfg = Debug|Win32
		{C5F80730-F44F-4478-BDAE-6634EFC2CA88}.Release|Any CPU.ActiveCfg = Release|Win32
		{C5F80730-F44F-4478-BDAE-6634EFC2CA88}.Release|x86.ActiveCfg = Release|Win32
		{C5F80730-F44F-4478-BDAE-6634EFC2CA88}.Release|x86.Build.0 = Release|Win32
		{B95E66DC-274A-4437-9F21-B5E9E59BFABA}.Debug|Any CPU.ActiveCfg = Debug|Any CPU
		{B95E66DC-274A-4437-9F21-B5E9E59BFABA}.Debug|Any CPU.Build.0 = Debug|Any CPU
		{B95E66DC-274A-4437-9F21-B5E9E59BFABA}.Debug|x86.ActiveCfg = Debug|Any CPU
		{B95E66DC-274A-4437-9F21-B5E9E59BFABA}.Debug|x86.Build.0 = Debug|Any CPU
		{B95E66DC-274A-4437-9F21-B5E9E59BFABA}.Release|Any CPU.ActiveCfg = Release|Any CPU
		{B95E66DC-274A-4437-9F21-B5E9E59BFABA}.Release|Any CPU.Build.0 = Release|Any CPU
		{B95E66DC-274A-4437-9F21-B5E9E59BFABA}.Release|x86.ActiveCfg = Release|Any CPU
		{B95E66DC-274A-4437-9F21-B5E9E59BFABA}.Release|x86.Build.0 = Release|Any CPU
		{634AF43B-27E4-4327-B6B9-D327D19D4E60}.Debug|Any CPU.ActiveCfg = Debug|Any CPU
		{634AF43B-27E4-4327-B6B9-D327D19D4E60}.Debug|Any CPU.Build.0 = Debug|Any CPU
		{634AF43B-27E4-4327-B6B9-D327D19D4E60}.Debug|x86.ActiveCfg = Debug|Any CPU
		{634AF43B-27E4-4327-B6B9-D327D19D4E60}.Debug|x86.Build.0 = Debug|Any CPU
		{634AF43B-27E4-4327-B6B9-D327D19D4E60}.Release|Any CPU.ActiveCfg = Release|Any CPU
		{634AF43B-27E4-4327-B6B9-D327D19D4E60}.Release|Any CPU.Build.0 = Release|Any CPU
		{634AF43B-27E4-4327-B6B9-D327D19D4E60}.Release|x86.ActiveCfg = Release|Any CPU
		{634AF43B-27E4-4327-B6B9-D327D19D4E60}.Release|x86.Build.0 = Release|Any CPU
	EndGlobalSection
	GlobalSection(SolutionProperties) = preSolution
		HideSolutionNode = FALSE
	EndGlobalSection
	GlobalSection(ExtensibilityGlobals) = postSolution
		SolutionGuid = {1CFFFDAD-D63D-4344-A76C-A9C87BF4A39C}
	EndGlobalSection
EndGlobal
